// !$*UTF8*$!
{
	archiveVersion = 1;
	classes = {
	};
	objectVersion = 50;
	objects = {

/* Begin PBXBuildFile section */
		BF0AC63323D0DA2500842E0C /* AppDelegate.swift in Sources */ = {isa = PBXBuildFile; fileRef = BF0AC63223D0DA2500842E0C /* AppDelegate.swift */; };
		BF0AC63523D0DA2500842E0C /* SceneDelegate.swift in Sources */ = {isa = PBXBuildFile; fileRef = BF0AC63423D0DA2500842E0C /* SceneDelegate.swift */; };
		BF0AC63723D0DA2500842E0C /* ViewController.swift in Sources */ = {isa = PBXBuildFile; fileRef = BF0AC63623D0DA2500842E0C /* ViewController.swift */; };
		BF0AC63A23D0DA2500842E0C /* Main.storyboard in Resources */ = {isa = PBXBuildFile; fileRef = BF0AC63823D0DA2500842E0C /* Main.storyboard */; };
		BF0AC63C23D0DA2900842E0C /* Assets.xcassets in Resources */ = {isa = PBXBuildFile; fileRef = BF0AC63B23D0DA2900842E0C /* Assets.xcassets */; };
		BF0AC63F23D0DA2900842E0C /* LaunchScreen.storyboard in Resources */ = {isa = PBXBuildFile; fileRef = BF0AC63D23D0DA2900842E0C /* LaunchScreen.storyboard */; };
		BF0AC64723D0DA7700842E0C /* Answerz.storyboard in Resources */ = {isa = PBXBuildFile; fileRef = BF0AC64623D0DA7700842E0C /* Answerz.storyboard */; };
		BF0AC64A23D1104F00842E0C /* WaitingCell.swift in Sources */ = {isa = PBXBuildFile; fileRef = BF0AC64823D1104F00842E0C /* WaitingCell.swift */; };
		BF0AC64B23D1104F00842E0C /* WaitingCell.xib in Resources */ = {isa = PBXBuildFile; fileRef = BF0AC64923D1104F00842E0C /* WaitingCell.xib */; };
		BF0AC64D23D114D900842E0C /* PromptVC.swift in Sources */ = {isa = PBXBuildFile; fileRef = BF0AC64C23D114D900842E0C /* PromptVC.swift */; };
		BF4F38F223D12F3600C77AE6 /* Question.swift in Sources */ = {isa = PBXBuildFile; fileRef = BF4F38F123D12F3600C77AE6 /* Question.swift */; };
		BF4F38F423D1367900C77AE6 /* WaitingLobbyVC.swift in Sources */ = {isa = PBXBuildFile; fileRef = BF4F38F323D1367900C77AE6 /* WaitingLobbyVC.swift */; };
		BF4F38F623D150CD00C77AE6 /* Extensions.swift in Sources */ = {isa = PBXBuildFile; fileRef = BF4F38F523D150CD00C77AE6 /* Extensions.swift */; };
		BF4F38F823D215E100C77AE6 /* CollectionViewFlowLayout.swift in Sources */ = {isa = PBXBuildFile; fileRef = BF4F38F723D215E100C77AE6 /* CollectionViewFlowLayout.swift */; };
		BF4F38FA23D21F6000C77AE6 /* VotingVC.swift in Sources */ = {isa = PBXBuildFile; fileRef = BF4F38F923D21F6000C77AE6 /* VotingVC.swift */; };
		BF4F38FC23D2353600C77AE6 /* AnswerCell.xib in Resources */ = {isa = PBXBuildFile; fileRef = BF4F38FB23D2353600C77AE6 /* AnswerCell.xib */; };
		BF4F38FE23D2354800C77AE6 /* AnswerCell.swift in Sources */ = {isa = PBXBuildFile; fileRef = BF4F38FD23D2354800C77AE6 /* AnswerCell.swift */; };
/* End PBXBuildFile section */

/* Begin PBXFileReference section */
		BF0AC62F23D0DA2500842E0C /* Goonz Gamez.app */ = {isa = PBXFileReference; explicitFileType = wrapper.application; includeInIndex = 0; path = "Goonz Gamez.app"; sourceTree = BUILT_PRODUCTS_DIR; };
		BF0AC63223D0DA2500842E0C /* AppDelegate.swift */ = {isa = PBXFileReference; lastKnownFileType = sourcecode.swift; path = AppDelegate.swift; sourceTree = "<group>"; };
		BF0AC63423D0DA2500842E0C /* SceneDelegate.swift */ = {isa = PBXFileReference; lastKnownFileType = sourcecode.swift; path = SceneDelegate.swift; sourceTree = "<group>"; };
		BF0AC63623D0DA2500842E0C /* ViewController.swift */ = {isa = PBXFileReference; lastKnownFileType = sourcecode.swift; path = ViewController.swift; sourceTree = "<group>"; };
		BF0AC63923D0DA2500842E0C /* Base */ = {isa = PBXFileReference; lastKnownFileType = file.storyboard; name = Base; path = Base.lproj/Main.storyboard; sourceTree = "<group>"; };
		BF0AC63B23D0DA2900842E0C /* Assets.xcassets */ = {isa = PBXFileReference; lastKnownFileType = folder.assetcatalog; path = Assets.xcassets; sourceTree = "<group>"; };
		BF0AC63E23D0DA2900842E0C /* Base */ = {isa = PBXFileReference; lastKnownFileType = file.storyboard; name = Base; path = Base.lproj/LaunchScreen.storyboard; sourceTree = "<group>"; };
		BF0AC64023D0DA2900842E0C /* Info.plist */ = {isa = PBXFileReference; lastKnownFileType = text.plist.xml; path = Info.plist; sourceTree = "<group>"; };
		BF0AC64623D0DA7700842E0C /* Answerz.storyboard */ = {isa = PBXFileReference; lastKnownFileType = file.storyboard; path = Answerz.storyboard; sourceTree = "<group>"; };
		BF0AC64823D1104F00842E0C /* WaitingCell.swift */ = {isa = PBXFileReference; lastKnownFileType = sourcecode.swift; path = WaitingCell.swift; sourceTree = "<group>"; };
		BF0AC64923D1104F00842E0C /* WaitingCell.xib */ = {isa = PBXFileReference; lastKnownFileType = file.xib; path = WaitingCell.xib; sourceTree = "<group>"; };
		BF0AC64C23D114D900842E0C /* PromptVC.swift */ = {isa = PBXFileReference; lastKnownFileType = sourcecode.swift; path = PromptVC.swift; sourceTree = "<group>"; };
		BF4F38F123D12F3600C77AE6 /* Question.swift */ = {isa = PBXFileReference; lastKnownFileType = sourcecode.swift; path = Question.swift; sourceTree = "<group>"; };
		BF4F38F323D1367900C77AE6 /* WaitingLobbyVC.swift */ = {isa = PBXFileReference; lastKnownFileType = sourcecode.swift; path = WaitingLobbyVC.swift; sourceTree = "<group>"; };
		BF4F38F523D150CD00C77AE6 /* Extensions.swift */ = {isa = PBXFileReference; lastKnownFileType = sourcecode.swift; path = Extensions.swift; sourceTree = "<group>"; };
		BF4F38F723D215E100C77AE6 /* CollectionViewFlowLayout.swift */ = {isa = PBXFileReference; lastKnownFileType = sourcecode.swift; path = CollectionViewFlowLayout.swift; sourceTree = "<group>"; };
		BF4F38F923D21F6000C77AE6 /* VotingVC.swift */ = {isa = PBXFileReference; lastKnownFileType = sourcecode.swift; path = VotingVC.swift; sourceTree = "<group>"; };
		BF4F38FB23D2353600C77AE6 /* AnswerCell.xib */ = {isa = PBXFileReference; fileEncoding = 4; lastKnownFileType = file.xib; path = AnswerCell.xib; sourceTree = "<group>"; };
		BF4F38FD23D2354800C77AE6 /* AnswerCell.swift */ = {isa = PBXFileReference; fileEncoding = 4; lastKnownFileType = sourcecode.swift; path = AnswerCell.swift; sourceTree = "<group>"; };
/* End PBXFileReference section */

/* Begin PBXFrameworksBuildPhase section */
		BF0AC62C23D0DA2400842E0C /* Frameworks */ = {
			isa = PBXFrameworksBuildPhase;
			buildActionMask = 2147483647;
			files = (
			);
			runOnlyForDeploymentPostprocessing = 0;
		};
/* End PBXFrameworksBuildPhase section */

/* Begin PBXGroup section */
		BF0AC62623D0DA2400842E0C = {
			isa = PBXGroup;
			children = (
				BF0AC63123D0DA2500842E0C /* Goonz Gamez */,
				BF0AC63023D0DA2500842E0C /* Products */,
			);
			sourceTree = "<group>";
		};
		BF0AC63023D0DA2500842E0C /* Products */ = {
			isa = PBXGroup;
			children = (
				BF0AC62F23D0DA2500842E0C /* Goonz Gamez.app */,
			);
			name = Products;
			sourceTree = "<group>";
		};
		BF0AC63123D0DA2500842E0C /* Goonz Gamez */ = {
			isa = PBXGroup;
			children = (
				BF0AC63223D0DA2500842E0C /* AppDelegate.swift */,
				BF0AC63423D0DA2500842E0C /* SceneDelegate.swift */,
				BF0AC63623D0DA2500842E0C /* ViewController.swift */,
				BF0AC63823D0DA2500842E0C /* Main.storyboard */,
				BF4F38F523D150CD00C77AE6 /* Extensions.swift */,
				BF0AC64E23D1187500842E0C /* Answerz */,
				BF0AC63B23D0DA2900842E0C /* Assets.xcassets */,
				BF0AC63D23D0DA2900842E0C /* LaunchScreen.storyboard */,
				BF0AC64023D0DA2900842E0C /* Info.plist */,
			);
			path = "Goonz Gamez";
			sourceTree = "<group>";
		};
		BF0AC64E23D1187500842E0C /* Answerz */ = {
			isa = PBXGroup;
			children = (
				BF0AC64623D0DA7700842E0C /* Answerz.storyboard */,
				BF4F38F123D12F3600C77AE6 /* Question.swift */,
				BF0AC64C23D114D900842E0C /* PromptVC.swift */,
				BF4F38F323D1367900C77AE6 /* WaitingLobbyVC.swift */,
				BF0AC64823D1104F00842E0C /* WaitingCell.swift */,
				BF0AC64923D1104F00842E0C /* WaitingCell.xib */,
				BF4F38F923D21F6000C77AE6 /* VotingVC.swift */,
				BF4F38FD23D2354800C77AE6 /* AnswerCell.swift */,
				BF4F38FB23D2353600C77AE6 /* AnswerCell.xib */,
				BF4F38F723D215E100C77AE6 /* CollectionViewFlowLayout.swift */,
			);
			path = Answerz;
			sourceTree = "<group>";
		};
/* End PBXGroup section */

/* Begin PBXNativeTarget section */
		BF0AC62E23D0DA2400842E0C /* Goonz Gamez */ = {
			isa = PBXNativeTarget;
			buildConfigurationList = BF0AC64323D0DA2900842E0C /* Build configuration list for PBXNativeTarget "Goonz Gamez" */;
			buildPhases = (
				BF0AC62B23D0DA2400842E0C /* Sources */,
				BF0AC62C23D0DA2400842E0C /* Frameworks */,
				BF0AC62D23D0DA2400842E0C /* Resources */,
			);
			buildRules = (
			);
			dependencies = (
			);
			name = "Goonz Gamez";
			productName = "Goonz Gamez";
			productReference = BF0AC62F23D0DA2500842E0C /* Goonz Gamez.app */;
			productType = "com.apple.product-type.application";
		};
/* End PBXNativeTarget section */

/* Begin PBXProject section */
		BF0AC62723D0DA2400842E0C /* Project object */ = {
			isa = PBXProject;
			attributes = {
				LastSwiftUpdateCheck = 1120;
				LastUpgradeCheck = 1120;
				ORGANIZATIONNAME = Synestha;
				TargetAttributes = {
					BF0AC62E23D0DA2400842E0C = {
						CreatedOnToolsVersion = 11.2.1;
					};
				};
			};
			buildConfigurationList = BF0AC62A23D0DA2400842E0C /* Build configuration list for PBXProject "Goonz Gamez" */;
			compatibilityVersion = "Xcode 9.3";
			developmentRegion = en;
			hasScannedForEncodings = 0;
			knownRegions = (
				en,
				Base,
			);
			mainGroup = BF0AC62623D0DA2400842E0C;
			productRefGroup = BF0AC63023D0DA2500842E0C /* Products */;
			projectDirPath = "";
			projectRoot = "";
			targets = (
				BF0AC62E23D0DA2400842E0C /* Goonz Gamez */,
			);
		};
/* End PBXProject section */

/* Begin PBXResourcesBuildPhase section */
		BF0AC62D23D0DA2400842E0C /* Resources */ = {
			isa = PBXResourcesBuildPhase;
			buildActionMask = 2147483647;
			files = (
				BF0AC63F23D0DA2900842E0C /* LaunchScreen.storyboard in Resources */,
				BF4F38FC23D2353600C77AE6 /* AnswerCell.xib in Resources */,
				BF0AC63C23D0DA2900842E0C /* Assets.xcassets in Resources */,
				BF0AC63A23D0DA2500842E0C /* Main.storyboard in Resources */,
				BF0AC64723D0DA7700842E0C /* Answerz.storyboard in Resources */,
				BF0AC64B23D1104F00842E0C /* WaitingCell.xib in Resources */,
			);
			runOnlyForDeploymentPostprocessing = 0;
		};
/* End PBXResourcesBuildPhase section */

/* Begin PBXSourcesBuildPhase section */
		BF0AC62B23D0DA2400842E0C /* Sources */ = {
			isa = PBXSourcesBuildPhase;
			buildActionMask = 2147483647;
			files = (
				BF4F38F823D215E100C77AE6 /* CollectionViewFlowLayout.swift in Sources */,
				BF0AC63723D0DA2500842E0C /* ViewController.swift in Sources */,
				BF4F38F423D1367900C77AE6 /* WaitingLobbyVC.swift in Sources */,
				BF4F38FE23D2354800C77AE6 /* AnswerCell.swift in Sources */,
				BF0AC63323D0DA2500842E0C /* AppDelegate.swift in Sources */,
				BF4F38F623D150CD00C77AE6 /* Extensions.swift in Sources */,
				BF0AC63523D0DA2500842E0C /* SceneDelegate.swift in Sources */,
				BF4F38F223D12F3600C77AE6 /* Question.swift in Sources */,
				BF0AC64D23D114D900842E0C /* PromptVC.swift in Sources */,
				BF0AC64A23D1104F00842E0C /* WaitingCell.swift in Sources */,
				BF4F38FA23D21F6000C77AE6 /* VotingVC.swift in Sources */,
			);
			runOnlyForDeploymentPostprocessing = 0;
		};
/* End PBXSourcesBuildPhase section */

/* Begin PBXVariantGroup section */
		BF0AC63823D0DA2500842E0C /* Main.storyboard */ = {
			isa = PBXVariantGroup;
			children = (
				BF0AC63923D0DA2500842E0C /* Base */,
			);
			name = Main.storyboard;
			sourceTree = "<group>";
		};
		BF0AC63D23D0DA2900842E0C /* LaunchScreen.storyboard */ = {
			isa = PBXVariantGroup;
			children = (
				BF0AC63E23D0DA2900842E0C /* Base */,
			);
			name = LaunchScreen.storyboard;
			sourceTree = "<group>";
		};
/* End PBXVariantGroup section */

/* Begin XCBuildConfiguration section */
		BF0AC64123D0DA2900842E0C /* Debug */ = {
			isa = XCBuildConfiguration;
			buildSettings = {
				ALWAYS_SEARCH_USER_PATHS = NO;
				CLANG_ANALYZER_NONNULL = YES;
				CLANG_ANALYZER_NUMBER_OBJECT_CONVERSION = YES_AGGRESSIVE;
				CLANG_CXX_LANGUAGE_STANDARD = "gnu++14";
				CLANG_CXX_LIBRARY = "libc++";
				CLANG_ENABLE_MODULES = YES;
				CLANG_ENABLE_OBJC_ARC = YES;
				CLANG_ENABLE_OBJC_WEAK = YES;
				CLANG_WARN_BLOCK_CAPTURE_AUTORELEASING = YES;
				CLANG_WARN_BOOL_CONVERSION = YES;
				CLANG_WARN_COMMA = YES;
				CLANG_WARN_CONSTANT_CONVERSION = YES;
				CLANG_WARN_DEPRECATED_OBJC_IMPLEMENTATIONS = YES;
				CLANG_WARN_DIRECT_OBJC_ISA_USAGE = YES_ERROR;
				CLANG_WARN_DOCUMENTATION_COMMENTS = YES;
				CLANG_WARN_EMPTY_BODY = YES;
				CLANG_WARN_ENUM_CONVERSION = YES;
				CLANG_WARN_INFINITE_RECURSION = YES;
				CLANG_WARN_INT_CONVERSION = YES;
				CLANG_WARN_NON_LITERAL_NULL_CONVERSION = YES;
				CLANG_WARN_OBJC_IMPLICIT_RETAIN_SELF = YES;
				CLANG_WARN_OBJC_LITERAL_CONVERSION = YES;
				CLANG_WARN_OBJC_ROOT_CLASS = YES_ERROR;
				CLANG_WARN_RANGE_LOOP_ANALYSIS = YES;
				CLANG_WARN_STRICT_PROTOTYPES = YES;
				CLANG_WARN_SUSPICIOUS_MOVE = YES;
				CLANG_WARN_UNGUARDED_AVAILABILITY = YES_AGGRESSIVE;
				CLANG_WARN_UNREACHABLE_CODE = YES;
				CLANG_WARN__DUPLICATE_METHOD_MATCH = YES;
				COPY_PHASE_STRIP = NO;
				DEBUG_INFORMATION_FORMAT = dwarf;
				ENABLE_STRICT_OBJC_MSGSEND = YES;
				ENABLE_TESTABILITY = YES;
				GCC_C_LANGUAGE_STANDARD = gnu11;
				GCC_DYNAMIC_NO_PIC = NO;
				GCC_NO_COMMON_BLOCKS = YES;
				GCC_OPTIMIZATION_LEVEL = 0;
				GCC_PREPROCESSOR_DEFINITIONS = (
					"DEBUG=1",
					"$(inherited)",
				);
				GCC_WARN_64_TO_32_BIT_CONVERSION = YES;
				GCC_WARN_ABOUT_RETURN_TYPE = YES_ERROR;
				GCC_WARN_UNDECLARED_SELECTOR = YES;
				GCC_WARN_UNINITIALIZED_AUTOS = YES_AGGRESSIVE;
				GCC_WARN_UNUSED_FUNCTION = YES;
				GCC_WARN_UNUSED_VARIABLE = YES;
				IPHONEOS_DEPLOYMENT_TARGET = 13.2;
				MTL_ENABLE_DEBUG_INFO = INCLUDE_SOURCE;
				MTL_FAST_MATH = YES;
				ONLY_ACTIVE_ARCH = YES;
				SDKROOT = iphoneos;
				SWIFT_ACTIVE_COMPILATION_CONDITIONS = DEBUG;
				SWIFT_OPTIMIZATION_LEVEL = "-Onone";
			};
			name = Debug;
		};
		BF0AC64223D0DA2900842E0C /* Release */ = {
			isa = XCBuildConfiguration;
			buildSettings = {
				ALWAYS_SEARCH_USER_PATHS = NO;
				CLANG_ANALYZER_NONNULL = YES;
				CLANG_ANALYZER_NUMBER_OBJECT_CONVERSION = YES_AGGRESSIVE;
				CLANG_CXX_LANGUAGE_STANDARD = "gnu++14";
				CLANG_CXX_LIBRARY = "libc++";
				CLANG_ENABLE_MODULES = YES;
				CLANG_ENABLE_OBJC_ARC = YES;
				CLANG_ENABLE_OBJC_WEAK = YES;
				CLANG_WARN_BLOCK_CAPTURE_AUTORELEASING = YES;
				CLANG_WARN_BOOL_CONVERSION = YES;
				CLANG_WARN_COMMA = YES;
				CLANG_WARN_CONSTANT_CONVERSION = YES;
				CLANG_WARN_DEPRECATED_OBJC_IMPLEMENTATIONS = YES;
				CLANG_WARN_DIRECT_OBJC_ISA_USAGE = YES_ERROR;
				CLANG_WARN_DOCUMENTATION_COMMENTS = YES;
				CLANG_WARN_EMPTY_BODY = YES;
				CLANG_WARN_ENUM_CONVERSION = YES;
				CLANG_WARN_INFINITE_RECURSION = YES;
				CLANG_WARN_INT_CONVERSION = YES;
				CLANG_WARN_NON_LITERAL_NULL_CONVERSION = YES;
				CLANG_WARN_OBJC_IMPLICIT_RETAIN_SELF = YES;
				CLANG_WARN_OBJC_LITERAL_CONVERSION = YES;
				CLANG_WARN_OBJC_ROOT_CLASS = YES_ERROR;
				CLANG_WARN_RANGE_LOOP_ANALYSIS = YES;
				CLANG_WARN_STRICT_PROTOTYPES = YES;
				CLANG_WARN_SUSPICIOUS_MOVE = YES;
				CLANG_WARN_UNGUARDED_AVAILABILITY = YES_AGGRESSIVE;
				CLANG_WARN_UNREACHABLE_CODE = YES;
				CLANG_WARN__DUPLICATE_METHOD_MATCH = YES;
				COPY_PHASE_STRIP = NO;
				DEBUG_INFORMATION_FORMAT = "dwarf-with-dsym";
				ENABLE_NS_ASSERTIONS = NO;
				ENABLE_STRICT_OBJC_MSGSEND = YES;
				GCC_C_LANGUAGE_STANDARD = gnu11;
				GCC_NO_COMMON_BLOCKS = YES;
				GCC_WARN_64_TO_32_BIT_CONVERSION = YES;
				GCC_WARN_ABOUT_RETURN_TYPE = YES_ERROR;
				GCC_WARN_UNDECLARED_SELECTOR = YES;
				GCC_WARN_UNINITIALIZED_AUTOS = YES_AGGRESSIVE;
				GCC_WARN_UNUSED_FUNCTION = YES;
				GCC_WARN_UNUSED_VARIABLE = YES;
				IPHONEOS_DEPLOYMENT_TARGET = 13.2;
				MTL_ENABLE_DEBUG_INFO = NO;
				MTL_FAST_MATH = YES;
				SDKROOT = iphoneos;
				SWIFT_COMPILATION_MODE = wholemodule;
				SWIFT_OPTIMIZATION_LEVEL = "-O";
				VALIDATE_PRODUCT = YES;
			};
			name = Release;
		};
		BF0AC64423D0DA2900842E0C /* Debug */ = {
			isa = XCBuildConfiguration;
			buildSettings = {
				ASSETCATALOG_COMPILER_APPICON_NAME = AppIcon;
				CODE_SIGN_STYLE = Automatic;
				DEVELOPMENT_TEAM = GTCC98NN7E;
				INFOPLIST_FILE = "Goonz Gamez/Info.plist";
				LD_RUNPATH_SEARCH_PATHS = (
					"$(inherited)",
					"@executable_path/Frameworks",
				);
				PRODUCT_BUNDLE_IDENTIFIER = "com.synestha.Goonz-Gamez";
				PRODUCT_NAME = "$(TARGET_NAME)";
				SWIFT_VERSION = 5.0;
				TARGETED_DEVICE_FAMILY = "1,2";
			};
			name = Debug;
		};
		BF0AC64523D0DA2900842E0C /* Release */ = {
			isa = XCBuildConfiguration;
			buildSettings = {
				ASSETCATALOG_COMPILER_APPICON_NAME = AppIcon;
				CODE_SIGN_STYLE = Automatic;
				DEVELOPMENT_TEAM = GTCC98NN7E;
				INFOPLIST_FILE = "Goonz Gamez/Info.plist";
				LD_RUNPATH_SEARCH_PATHS = (
					"$(inherited)",
					"@executable_path/Frameworks",
				);
				PRODUCT_BUNDLE_IDENTIFIER = "com.synestha.Goonz-Gamez";
				PRODUCT_NAME = "$(TARGET_NAME)";
				SWIFT_VERSION = 5.0;
				TARGETED_DEVICE_FAMILY = "1,2";
			};
			name = Release;
		};
/* End XCBuildConfiguration section */

/* Begin XCConfigurationList section */
		BF0AC62A23D0DA2400842E0C /* Build configuration list for PBXProject "Goonz Gamez" */ = {
			isa = XCConfigurationList;
			buildConfigurations = (
				BF0AC64123D0DA2900842E0C /* Debug */,
				BF0AC64223D0DA2900842E0C /* Release */,
			);
			defaultConfigurationIsVisible = 0;
			defaultConfigurationName = Release;
		};
		BF0AC64323D0DA2900842E0C /* Build configuration list for PBXNativeTarget "Goonz Gamez" */ = {
			isa = XCConfigurationList;
			buildConfigurations = (
				BF0AC64423D0DA2900842E0C /* Debug */,
				BF0AC64523D0DA2900842E0C /* Release */,
			);
			defaultConfigurationIsVisible = 0;
			defaultConfigurationName = Release;
		};
/* End XCConfigurationList section */
	};
	rootObject = BF0AC62723D0DA2400842E0C /* Project object */;
}
